// !$*UTF8*$!
{
	archiveVersion = 1;
	classes = {
	};
	objectVersion = 46;
	objects = {

/* Begin PBXBuildFile section */
		51525B321F1FA0E9007BD834 /* AppDelegate.swift in Sources */ = {isa = PBXBuildFile; fileRef = 51525B311F1FA0E9007BD834 /* AppDelegate.swift */; };
		51525B391F1FA0E9007BD834 /* Main.storyboard in Resources */ = {isa = PBXBuildFile; fileRef = 51525B371F1FA0E9007BD834 /* Main.storyboard */; };
		51525B3B1F1FA0E9007BD834 /* Assets.xcassets in Resources */ = {isa = PBXBuildFile; fileRef = 51525B3A1F1FA0E9007BD834 /* Assets.xcassets */; };
		51525B3E1F1FA0E9007BD834 /* LaunchScreen.storyboard in Resources */ = {isa = PBXBuildFile; fileRef = 51525B3C1F1FA0E9007BD834 /* LaunchScreen.storyboard */; };
		516CE3321F4A231C008BDD9B /* ViewViewController.swift in Sources */ = {isa = PBXBuildFile; fileRef = 516CE3311F4A231C008BDD9B /* ViewViewController.swift */; };
		516CE3361F4A380B008BDD9B /* BroadcasterPostViewController.swift in Sources */ = {isa = PBXBuildFile; fileRef = 516CE3351F4A380B008BDD9B /* BroadcasterPostViewController.swift */; };
		516CE3381F4A381A008BDD9B /* BlockPostViewController.swift in Sources */ = {isa = PBXBuildFile; fileRef = 516CE3371F4A381A008BDD9B /* BlockPostViewController.swift */; };
		516CE33A1F4A43C3008BDD9B /* BlockViewController.swift in Sources */ = {isa = PBXBuildFile; fileRef = 516CE3391F4A43C3008BDD9B /* BlockViewController.swift */; };
		516CE33C1F4A4BD3008BDD9B /* PostViewController.swift in Sources */ = {isa = PBXBuildFile; fileRef = 516CE33B1F4A4BD3008BDD9B /* PostViewController.swift */; };
		516CE33E1F4A53B7008BDD9B /* PostViewModel.swift in Sources */ = {isa = PBXBuildFile; fileRef = 516CE33D1F4A53B7008BDD9B /* PostViewModel.swift */; };
		5179917F1F4B0CC100CBC07B /* postDataObject.swift in Sources */ = {isa = PBXBuildFile; fileRef = 5179917E1F4B0CC100CBC07B /* postDataObject.swift */; };
		51AA81E81F4B3223007E86BB /* Just.framework in Frameworks */ = {isa = PBXBuildFile; fileRef = 51AA81CC1F4B3215007E86BB /* Just.framework */; };
		51AA81E91F4B3227007E86BB /* SwiftyJSON.framework in Frameworks */ = {isa = PBXBuildFile; fileRef = 51AA81DB1F4B321D007E86BB /* SwiftyJSON.framework */; };
		51B5C6CF1F4B164A0085AAB4 /* hashFunction.swift in Sources */ = {isa = PBXBuildFile; fileRef = 51B5C6CE1F4B164A0085AAB4 /* hashFunction.swift */; };
		51B5C6D61F4B1EB10085AAB4 /* LoadingViewController.swift in Sources */ = {isa = PBXBuildFile; fileRef = 51B5C6D51F4B1EB10085AAB4 /* LoadingViewController.swift */; };
		51B5C6D91F4B227B0085AAB4 /* h.m in Sources */ = {isa = PBXBuildFile; fileRef = 51B5C6D81F4B227B0085AAB4 /* h.m */; };
/* End PBXBuildFile section */

/* Begin PBXContainerItemProxy section */
		51AA81CB1F4B3215007E86BB /* PBXContainerItemProxy */ = {
			isa = PBXContainerItemProxy;
			containerPortal = 51AA81C61F4B3215007E86BB /* Just.xcodeproj */;
			proxyType = 2;
			remoteGlobalIDString = 37C817071DA973C600881C06;
			remoteInfo = Just;
		};
		51AA81CD1F4B3215007E86BB /* PBXContainerItemProxy */ = {
			isa = PBXContainerItemProxy;
			containerPortal = 51AA81C61F4B3215007E86BB /* Just.xcodeproj */;
			proxyType = 2;
			remoteGlobalIDString = 37C8170F1DA973C600881C06;
			remoteInfo = JustTests;
		};
		51AA81DA1F4B321D007E86BB /* PBXContainerItemProxy */ = {
			isa = PBXContainerItemProxy;
			containerPortal = 51AA81CF1F4B321C007E86BB /* SwiftyJSON.xcodeproj */;
			proxyType = 2;
			remoteGlobalIDString = 2E4FEFDB19575BE100351305;
			remoteInfo = "SwiftyJSON iOS";
		};
		51AA81DC1F4B321D007E86BB /* PBXContainerItemProxy */ = {
			isa = PBXContainerItemProxy;
			containerPortal = 51AA81CF1F4B321C007E86BB /* SwiftyJSON.xcodeproj */;
			proxyType = 2;
			remoteGlobalIDString = 2E4FEFE619575BE100351305;
			remoteInfo = "SwiftyJSON iOS Tests";
		};
		51AA81DE1F4B321D007E86BB /* PBXContainerItemProxy */ = {
			isa = PBXContainerItemProxy;
			containerPortal = 51AA81CF1F4B321C007E86BB /* SwiftyJSON.xcodeproj */;
			proxyType = 2;
			remoteGlobalIDString = 9C7DFC5B1A9102BD005AA3F7;
			remoteInfo = "SwiftyJSON OSX";
		};
		51AA81E01F4B321D007E86BB /* PBXContainerItemProxy */ = {
			isa = PBXContainerItemProxy;
			containerPortal = 51AA81CF1F4B321C007E86BB /* SwiftyJSON.xcodeproj */;
			proxyType = 2;
			remoteGlobalIDString = 9C7DFC651A9102BD005AA3F7;
			remoteInfo = "SwiftyJSON OSX Tests";
		};
		51AA81E21F4B321D007E86BB /* PBXContainerItemProxy */ = {
			isa = PBXContainerItemProxy;
			containerPortal = 51AA81CF1F4B321C007E86BB /* SwiftyJSON.xcodeproj */;
			proxyType = 2;
			remoteGlobalIDString = E4D7CCE81B9465A700EE7221;
			remoteInfo = "SwiftyJSON watchOS";
		};
		51AA81E41F4B321D007E86BB /* PBXContainerItemProxy */ = {
			isa = PBXContainerItemProxy;
			containerPortal = 51AA81CF1F4B321C007E86BB /* SwiftyJSON.xcodeproj */;
			proxyType = 2;
			remoteGlobalIDString = 7236B4F61BAC14150020529B;
			remoteInfo = "SwiftyJSON tvOS";
		};
		51AA81E61F4B321D007E86BB /* PBXContainerItemProxy */ = {
			isa = PBXContainerItemProxy;
			containerPortal = 51AA81CF1F4B321C007E86BB /* SwiftyJSON.xcodeproj */;
			proxyType = 2;
			remoteGlobalIDString = A8580F741BCF5C5B00DA927B;
			remoteInfo = "SwiftyJSON tvOS Tests";
		};
/* End PBXContainerItemProxy section */

/* Begin PBXFileReference section */
		51525B2E1F1FA0E9007BD834 /* LedgerBoardApp.app */ = {isa = PBXFileReference; explicitFileType = wrapper.application; includeInIndex = 0; path = LedgerBoardApp.app; sourceTree = BUILT_PRODUCTS_DIR; };
		51525B311F1FA0E9007BD834 /* AppDelegate.swift */ = {isa = PBXFileReference; lastKnownFileType = sourcecode.swift; path = AppDelegate.swift; sourceTree = "<group>"; };
		51525B381F1FA0E9007BD834 /* Base */ = {isa = PBXFileReference; lastKnownFileType = file.storyboard; name = Base; path = Base.lproj/Main.storyboard; sourceTree = "<group>"; };
		51525B3A1F1FA0E9007BD834 /* Assets.xcassets */ = {isa = PBXFileReference; lastKnownFileType = folder.assetcatalog; path = Assets.xcassets; sourceTree = "<group>"; };
		51525B3D1F1FA0E9007BD834 /* Base */ = {isa = PBXFileReference; lastKnownFileType = file.storyboard; name = Base; path = Base.lproj/LaunchScreen.storyboard; sourceTree = "<group>"; };
		51525B3F1F1FA0E9007BD834 /* Info.plist */ = {isa = PBXFileReference; lastKnownFileType = text.plist.xml; path = Info.plist; sourceTree = "<group>"; };
		516CE3311F4A231C008BDD9B /* ViewViewController.swift */ = {isa = PBXFileReference; fileEncoding = 4; lastKnownFileType = sourcecode.swift; path = ViewViewController.swift; sourceTree = "<group>"; };
		516CE3351F4A380B008BDD9B /* BroadcasterPostViewController.swift */ = {isa = PBXFileReference; fileEncoding = 4; lastKnownFileType = sourcecode.swift; path = BroadcasterPostViewController.swift; sourceTree = "<group>"; };
		516CE3371F4A381A008BDD9B /* BlockPostViewController.swift */ = {isa = PBXFileReference; fileEncoding = 4; lastKnownFileType = sourcecode.swift; path = BlockPostViewController.swift; sourceTree = "<group>"; };
		516CE3391F4A43C3008BDD9B /* BlockViewController.swift */ = {isa = PBXFileReference; fileEncoding = 4; lastKnownFileType = sourcecode.swift; path = BlockViewController.swift; sourceTree = "<group>"; };
		516CE33B1F4A4BD3008BDD9B /* PostViewController.swift */ = {isa = PBXFileReference; fileEncoding = 4; lastKnownFileType = sourcecode.swift; path = PostViewController.swift; sourceTree = "<group>"; };
		516CE33D1F4A53B7008BDD9B /* PostViewModel.swift */ = {isa = PBXFileReference; fileEncoding = 4; lastKnownFileType = sourcecode.swift; path = PostViewModel.swift; sourceTree = "<group>"; };
		5179917E1F4B0CC100CBC07B /* postDataObject.swift */ = {isa = PBXFileReference; fileEncoding = 4; lastKnownFileType = sourcecode.swift; path = postDataObject.swift; sourceTree = "<group>"; };
		51AA81C61F4B3215007E86BB /* Just.xcodeproj */ = {isa = PBXFileReference; lastKnownFileType = "wrapper.pb-project"; name = Just.xcodeproj; path = Just/Just.xcodeproj; sourceTree = "<group>"; };
		51AA81CF1F4B321C007E86BB /* SwiftyJSON.xcodeproj */ = {isa = PBXFileReference; lastKnownFileType = "wrapper.pb-project"; name = SwiftyJSON.xcodeproj; path = "SwiftyJSON-master/SwiftyJSON.xcodeproj"; sourceTree = "<group>"; };
		51B5C6CE1F4B164A0085AAB4 /* hashFunction.swift */ = {isa = PBXFileReference; fileEncoding = 4; lastKnownFileType = sourcecode.swift; path = hashFunction.swift; sourceTree = "<group>"; };
		51B5C6D51F4B1EB10085AAB4 /* LoadingViewController.swift */ = {isa = PBXFileReference; fileEncoding = 4; lastKnownFileType = sourcecode.swift; path = LoadingViewController.swift; sourceTree = "<group>"; };
		51B5C6D71F4B227A0085AAB4 /* LedgerBoardApp-Bridging-Header.h */ = {isa = PBXFileReference; lastKnownFileType = sourcecode.c.h; path = "LedgerBoardApp-Bridging-Header.h"; sourceTree = "<group>"; };
		51B5C6D81F4B227B0085AAB4 /* h.m */ = {isa = PBXFileReference; fileEncoding = 4; lastKnownFileType = sourcecode.c.objc; path = h.m; sourceTree = "<group>"; };
/* End PBXFileReference section */

/* Begin PBXFrameworksBuildPhase section */
		51525B2B1F1FA0E9007BD834 /* Frameworks */ = {
			isa = PBXFrameworksBuildPhase;
			buildActionMask = 2147483647;
			files = (
				51AA81E91F4B3227007E86BB /* SwiftyJSON.framework in Frameworks */,
				51AA81E81F4B3223007E86BB /* Just.framework in Frameworks */,
			);
			runOnlyForDeploymentPostprocessing = 0;
		};
/* End PBXFrameworksBuildPhase section */

/* Begin PBXGroup section */
		51525B251F1FA0E9007BD834 = {
			isa = PBXGroup;
			children = (
				51525B301F1FA0E9007BD834 /* LedgerBoardApp */,
				51525B2F1F1FA0E9007BD834 /* Products */,
			);
			sourceTree = "<group>";
		};
		51525B2F1F1FA0E9007BD834 /* Products */ = {
			isa = PBXGroup;
			children = (
				51525B2E1F1FA0E9007BD834 /* LedgerBoardApp.app */,
			);
			name = Products;
			sourceTree = "<group>";
		};
		51525B301F1FA0E9007BD834 /* LedgerBoardApp */ = {
			isa = PBXGroup;
			children = (
				51AA81CF1F4B321C007E86BB /* SwiftyJSON.xcodeproj */,
				51AA81C61F4B3215007E86BB /* Just.xcodeproj */,
				51B5C6CD1F4B162D0085AAB4 /* Lib */,
				516CE33F1F4A53C0008BDD9B /* Model */,
				516CE33B1F4A4BD3008BDD9B /* PostViewController.swift */,
				51525B311F1FA0E9007BD834 /* AppDelegate.swift */,
				516CE3311F4A231C008BDD9B /* ViewViewController.swift */,
				516CE3351F4A380B008BDD9B /* BroadcasterPostViewController.swift */,
				516CE3371F4A381A008BDD9B /* BlockPostViewController.swift */,
				516CE3391F4A43C3008BDD9B /* BlockViewController.swift */,
				51525B371F1FA0E9007BD834 /* Main.storyboard */,
				51B5C6D51F4B1EB10085AAB4 /* LoadingViewController.swift */,
				51525B3A1F1FA0E9007BD834 /* Assets.xcassets */,
				51525B3C1F1FA0E9007BD834 /* LaunchScreen.storyboard */,
				51525B3F1F1FA0E9007BD834 /* Info.plist */,
				51B5C6D81F4B227B0085AAB4 /* h.m */,
				51B5C6D71F4B227A0085AAB4 /* LedgerBoardApp-Bridging-Header.h */,
			);
			path = LedgerBoardApp;
			sourceTree = "<group>";
		};
		516CE33F1F4A53C0008BDD9B /* Model */ = {
			isa = PBXGroup;
			children = (
				516CE33D1F4A53B7008BDD9B /* PostViewModel.swift */,
				5179917E1F4B0CC100CBC07B /* postDataObject.swift */,
			);
			name = Model;
			sourceTree = "<group>";
		};
		51AA81C71F4B3215007E86BB /* Products */ = {
			isa = PBXGroup;
			children = (
				51AA81CC1F4B3215007E86BB /* Just.framework */,
				51AA81CE1F4B3215007E86BB /* JustTests.xctest */,
			);
			name = Products;
			sourceTree = "<group>";
		};
		51AA81D01F4B321C007E86BB /* Products */ = {
			isa = PBXGroup;
			children = (
				51AA81DB1F4B321D007E86BB /* SwiftyJSON.framework */,
				51AA81DD1F4B321D007E86BB /* SwiftyJSON iOS Tests.xctest */,
				51AA81DF1F4B321D007E86BB /* SwiftyJSON.framework */,
				51AA81E11F4B321D007E86BB /* SwiftyJSON OSX Tests.xctest */,
				51AA81E31F4B321D007E86BB /* SwiftyJSON.framework */,
				51AA81E51F4B321D007E86BB /* SwiftyJSON.framework */,
				51AA81E71F4B321D007E86BB /* SwiftyJSON tvOS Tests.xctest */,
			);
			name = Products;
			sourceTree = "<group>";
		};
		51B5C6CD1F4B162D0085AAB4 /* Lib */ = {
			isa = PBXGroup;
			children = (
				51B5C6CE1F4B164A0085AAB4 /* hashFunction.swift */,
			);
			name = Lib;
			sourceTree = "<group>";
		};
/* End PBXGroup section */

/* Begin PBXNativeTarget section */
		51525B2D1F1FA0E9007BD834 /* LedgerBoardApp */ = {
			isa = PBXNativeTarget;
			buildConfigurationList = 51525B421F1FA0E9007BD834 /* Build configuration list for PBXNativeTarget "LedgerBoardApp" */;
			buildPhases = (
				51525B2A1F1FA0E9007BD834 /* Sources */,
				51525B2B1F1FA0E9007BD834 /* Frameworks */,
				51525B2C1F1FA0E9007BD834 /* Resources */,
			);
			buildRules = (
			);
			dependencies = (
			);
			name = LedgerBoardApp;
			productName = LedgerBoardApp;
			productReference = 51525B2E1F1FA0E9007BD834 /* LedgerBoardApp.app */;
			productType = "com.apple.product-type.application";
		};
/* End PBXNativeTarget section */

/* Begin PBXProject section */
		51525B261F1FA0E9007BD834 /* Project object */ = {
			isa = PBXProject;
			attributes = {
				LastSwiftUpdateCheck = 0830;
				LastUpgradeCheck = 0830;
				ORGANIZATIONNAME = FStack;
				TargetAttributes = {
					51525B2D1F1FA0E9007BD834 = {
						CreatedOnToolsVersion = 8.3.2;
						DevelopmentTeam = 49LLUV7BVY;
						LastSwiftMigration = 0830;
						ProvisioningStyle = Automatic;
					};
				};
			};
			buildConfigurationList = 51525B291F1FA0E9007BD834 /* Build configuration list for PBXProject "LedgerBoardApp" */;
			compatibilityVersion = "Xcode 3.2";
			developmentRegion = English;
			hasScannedForEncodings = 0;
			knownRegions = (
				en,
				Base,
			);
			mainGroup = 51525B251F1FA0E9007BD834;
			productRefGroup = 51525B2F1F1FA0E9007BD834 /* Products */;
			projectDirPath = "";
			projectReferences = (
				{
					ProductGroup = 51AA81C71F4B3215007E86BB /* Products */;
					ProjectRef = 51AA81C61F4B3215007E86BB /* Just.xcodeproj */;
				},
				{
					ProductGroup = 51AA81D01F4B321C007E86BB /* Products */;
					ProjectRef = 51AA81CF1F4B321C007E86BB /* SwiftyJSON.xcodeproj */;
				},
			);
			projectRoot = "";
			targets = (
				51525B2D1F1FA0E9007BD834 /* LedgerBoardApp */,
			);
		};
/* End PBXProject section */

/* Begin PBXReferenceProxy section */
		51AA81CC1F4B3215007E86BB /* Just.framework */ = {
			isa = PBXReferenceProxy;
			fileType = wrapper.framework;
			path = Just.framework;
			remoteRef = 51AA81CB1F4B3215007E86BB /* PBXContainerItemProxy */;
			sourceTree = BUILT_PRODUCTS_DIR;
		};
		51AA81CE1F4B3215007E86BB /* JustTests.xctest */ = {
			isa = PBXReferenceProxy;
			fileType = wrapper.cfbundle;
			path = JustTests.xctest;
			remoteRef = 51AA81CD1F4B3215007E86BB /* PBXContainerItemProxy */;
			sourceTree = BUILT_PRODUCTS_DIR;
		};
		51AA81DB1F4B321D007E86BB /* SwiftyJSON.framework */ = {
			isa = PBXReferenceProxy;
			fileType = wrapper.framework;
			path = SwiftyJSON.framework;
			remoteRef = 51AA81DA1F4B321D007E86BB /* PBXContainerItemProxy */;
			sourceTree = BUILT_PRODUCTS_DIR;
		};
		51AA81DD1F4B321D007E86BB /* SwiftyJSON iOS Tests.xctest */ = {
			isa = PBXReferenceProxy;
			fileType = wrapper.cfbundle;
			path = "SwiftyJSON iOS Tests.xctest";
			remoteRef = 51AA81DC1F4B321D007E86BB /* PBXContainerItemProxy */;
			sourceTree = BUILT_PRODUCTS_DIR;
		};
		51AA81DF1F4B321D007E86BB /* SwiftyJSON.framework */ = {
			isa = PBXReferenceProxy;
			fileType = wrapper.framework;
			path = SwiftyJSON.framework;
			remoteRef = 51AA81DE1F4B321D007E86BB /* PBXContainerItemProxy */;
			sourceTree = BUILT_PRODUCTS_DIR;
		};
		51AA81E11F4B321D007E86BB /* SwiftyJSON OSX Tests.xctest */ = {
			isa = PBXReferenceProxy;
			fileType = wrapper.cfbundle;
			path = "SwiftyJSON OSX Tests.xctest";
			remoteRef = 51AA81E01F4B321D007E86BB /* PBXContainerItemProxy */;
			sourceTree = BUILT_PRODUCTS_DIR;
		};
		51AA81E31F4B321D007E86BB /* SwiftyJSON.framework */ = {
			isa = PBXReferenceProxy;
			fileType = wrapper.framework;
			path = SwiftyJSON.framework;
			remoteRef = 51AA81E21F4B321D007E86BB /* PBXContainerItemProxy */;
			sourceTree = BUILT_PRODUCTS_DIR;
		};
		51AA81E51F4B321D007E86BB /* SwiftyJSON.framework */ = {
			isa = PBXReferenceProxy;
			fileType = wrapper.framework;
			path = SwiftyJSON.framework;
			remoteRef = 51AA81E41F4B321D007E86BB /* PBXContainerItemProxy */;
			sourceTree = BUILT_PRODUCTS_DIR;
		};
		51AA81E71F4B321D007E86BB /* SwiftyJSON tvOS Tests.xctest */ = {
			isa = PBXReferenceProxy;
			fileType = wrapper.cfbundle;
			path = "SwiftyJSON tvOS Tests.xctest";
			remoteRef = 51AA81E61F4B321D007E86BB /* PBXContainerItemProxy */;
			sourceTree = BUILT_PRODUCTS_DIR;
		};
/* End PBXReferenceProxy section */

/* Begin PBXResourcesBuildPhase section */
		51525B2C1F1FA0E9007BD834 /* Resources */ = {
			isa = PBXResourcesBuildPhase;
			buildActionMask = 2147483647;
			files = (
				51525B3E1F1FA0E9007BD834 /* LaunchScreen.storyboard in Resources */,
				51525B3B1F1FA0E9007BD834 /* Assets.xcassets in Resources */,
				51525B391F1FA0E9007BD834 /* Main.storyboard in Resources */,
			);
			runOnlyForDeploymentPostprocessing = 0;
		};
/* End PBXResourcesBuildPhase section */

/* Begin PBXSourcesBuildPhase section */
		51525B2A1F1FA0E9007BD834 /* Sources */ = {
			isa = PBXSourcesBuildPhase;
			buildActionMask = 2147483647;
			files = (
				51B5C6CF1F4B164A0085AAB4 /* hashFunction.swift in Sources */,
				5179917F1F4B0CC100CBC07B /* postDataObject.swift in Sources */,
				516CE33C1F4A4BD3008BDD9B /* PostViewController.swift in Sources */,
				51B5C6D91F4B227B0085AAB4 /* h.m in Sources */,
				516CE33E1F4A53B7008BDD9B /* PostViewModel.swift in Sources */,
				516CE3321F4A231C008BDD9B /* ViewViewController.swift in Sources */,
				516CE3361F4A380B008BDD9B /* BroadcasterPostViewController.swift in Sources */,
				516CE3381F4A381A008BDD9B /* BlockPostViewController.swift in Sources */,
				51B5C6D61F4B1EB10085AAB4 /* LoadingViewController.swift in Sources */,
				516CE33A1F4A43C3008BDD9B /* BlockViewController.swift in Sources */,
				51525B321F1FA0E9007BD834 /* AppDelegate.swift in Sources */,
			);
			runOnlyForDeploymentPostprocessing = 0;
		};
/* End PBXSourcesBuildPhase section */

/* Begin PBXVariantGroup section */
		51525B371F1FA0E9007BD834 /* Main.storyboard */ = {
			isa = PBXVariantGroup;
			children = (
				51525B381F1FA0E9007BD834 /* Base */,
			);
			name = Main.storyboard;
			sourceTree = "<group>";
		};
		51525B3C1F1FA0E9007BD834 /* LaunchScreen.storyboard */ = {
			isa = PBXVariantGroup;
			children = (
				51525B3D1F1FA0E9007BD834 /* Base */,
			);
			name = LaunchScreen.storyboard;
			sourceTree = "<group>";
		};
/* End PBXVariantGroup section */

/* Begin XCBuildConfiguration section */
		51525B401F1FA0E9007BD834 /* Debug */ = {
			isa = XCBuildConfiguration;
			buildSettings = {
				ALWAYS_SEARCH_USER_PATHS = NO;
				CLANG_ANALYZER_NONNULL = YES;
				CLANG_ANALYZER_NUMBER_OBJECT_CONVERSION = YES_AGGRESSIVE;
				CLANG_CXX_LANGUAGE_STANDARD = "gnu++0x";
				CLANG_CXX_LIBRARY = "libc++";
				CLANG_ENABLE_MODULES = YES;
				CLANG_ENABLE_OBJC_ARC = YES;
				CLANG_WARN_BOOL_CONVERSION = YES;
				CLANG_WARN_CONSTANT_CONVERSION = YES;
				CLANG_WARN_DIRECT_OBJC_ISA_USAGE = YES_ERROR;
				CLANG_WARN_DOCUMENTATION_COMMENTS = YES;
				CLANG_WARN_EMPTY_BODY = YES;
				CLANG_WARN_ENUM_CONVERSION = YES;
				CLANG_WARN_INFINITE_RECURSION = YES;
				CLANG_WARN_INT_CONVERSION = YES;
				CLANG_WARN_OBJC_ROOT_CLASS = YES_ERROR;
				CLANG_WARN_SUSPICIOUS_MOVE = YES;
				CLANG_WARN_UNREACHABLE_CODE = YES;
				CLANG_WARN__DUPLICATE_METHOD_MATCH = YES;
				"CODE_SIGN_IDENTITY[sdk=iphoneos*]" = "iPhone Developer";
				COPY_PHASE_STRIP = NO;
				DEBUG_INFORMATION_FORMAT = dwarf;
				ENABLE_STRICT_OBJC_MSGSEND = YES;
				ENABLE_TESTABILITY = YES;
				FRAMEWORK_SEARCH_PATHS = "$(SRCROOT)/**";
				GCC_C_LANGUAGE_STANDARD = gnu99;
				GCC_DYNAMIC_NO_PIC = NO;
				GCC_NO_COMMON_BLOCKS = YES;
				GCC_OPTIMIZATION_LEVEL = 0;
				GCC_PREPROCESSOR_DEFINITIONS = (
					"DEBUG=1",
					"$(inherited)",
				);
				GCC_WARN_64_TO_32_BIT_CONVERSION = YES;
				GCC_WARN_ABOUT_RETURN_TYPE = YES_ERROR;
				GCC_WARN_UNDECLARED_SELECTOR = YES;
				GCC_WARN_UNINITIALIZED_AUTOS = YES_AGGRESSIVE;
				GCC_WARN_UNUSED_FUNCTION = YES;
				GCC_WARN_UNUSED_VARIABLE = YES;
				IPHONEOS_DEPLOYMENT_TARGET = 8.0;
				MTL_ENABLE_DEBUG_INFO = YES;
				ONLY_ACTIVE_ARCH = YES;
				SDKROOT = iphoneos;
				SWIFT_ACTIVE_COMPILATION_CONDITIONS = DEBUG;
				SWIFT_OPTIMIZATION_LEVEL = "-Onone";
			};
			name = Debug;
		};
		51525B411F1FA0E9007BD834 /* Release */ = {
			isa = XCBuildConfiguration;
			buildSettings = {
				ALWAYS_SEARCH_USER_PATHS = NO;
				CLANG_ANALYZER_NONNULL = YES;
				CLANG_ANALYZER_NUMBER_OBJECT_CONVERSION = YES_AGGRESSIVE;
				CLANG_CXX_LANGUAGE_STANDARD = "gnu++0x";
				CLANG_CXX_LIBRARY = "libc++";
				CLANG_ENABLE_MODULES = YES;
				CLANG_ENABLE_OBJC_ARC = YES;
				CLANG_WARN_BOOL_CONVERSION = YES;
				CLANG_WARN_CONSTANT_CONVERSION = YES;
				CLANG_WARN_DIRECT_OBJC_ISA_USAGE = YES_ERROR;
				CLANG_WARN_DOCUMENTATION_COMMENTS = YES;
				CLANG_WARN_EMPTY_BODY = YES;
				CLANG_WARN_ENUM_CONVERSION = YES;
				CLANG_WARN_INFINITE_RECURSION = YES;
				CLANG_WARN_INT_CONVERSION = YES;
				CLANG_WARN_OBJC_ROOT_CLASS = YES_ERROR;
				CLANG_WARN_SUSPICIOUS_MOVE = YES;
				CLANG_WARN_UNREACHABLE_CODE = YES;
				CLANG_WARN__DUPLICATE_METHOD_MATCH = YES;
				"CODE_SIGN_IDENTITY[sdk=iphoneos*]" = "iPhone Developer";
				COPY_PHASE_STRIP = NO;
				DEBUG_INFORMATION_FORMAT = "dwarf-with-dsym";
				ENABLE_NS_ASSERTIONS = NO;
				ENABLE_STRICT_OBJC_MSGSEND = YES;
				FRAMEWORK_SEARCH_PATHS = "$(SRCROOT)/**";
				GCC_C_LANGUAGE_STANDARD = gnu99;
				GCC_NO_COMMON_BLOCKS = YES;
				GCC_WARN_64_TO_32_BIT_CONVERSION = YES;
				GCC_WARN_ABOUT_RETURN_TYPE = YES_ERROR;
				GCC_WARN_UNDECLARED_SELECTOR = YES;
				GCC_WARN_UNINITIALIZED_AUTOS = YES_AGGRESSIVE;
				GCC_WARN_UNUSED_FUNCTION = YES;
				GCC_WARN_UNUSED_VARIABLE = YES;
				IPHONEOS_DEPLOYMENT_TARGET = 8.0;
				MTL_ENABLE_DEBUG_INFO = NO;
				SDKROOT = iphoneos;
				SWIFT_OPTIMIZATION_LEVEL = "-Owholemodule";
				VALIDATE_PRODUCT = YES;
			};
			name = Release;
		};
		51525B431F1FA0E9007BD834 /* Debug */ = {
			isa = XCBuildConfiguration;
			buildSettings = {
				ASSETCATALOG_COMPILER_APPICON_NAME = AppIcon;
				CLANG_ENABLE_MODULES = YES;
				DEVELOPMENT_TEAM = 49LLUV7BVY;
				FRAMEWORK_SEARCH_PATHS = "$(SRCROOT)/**";
				INFOPLIST_FILE = LedgerBoardApp/Info.plist;
				IPHONEOS_DEPLOYMENT_TARGET = 8.0;
				LD_RUNPATH_SEARCH_PATHS = "$(inherited) @executable_path/Frameworks";
				PRODUCT_BUNDLE_IDENTIFIER = "com.F-Stack.LedgerBoardApp";
				PRODUCT_NAME = "$(TARGET_NAME)";
				SWIFT_INSTALL_OBJC_HEADER = YES;
				SWIFT_OBJC_BRIDGING_HEADER = "LedgerBoardApp/LedgerBoardApp-Bridging-Header.h";
				SWIFT_OPTIMIZATION_LEVEL = "-Onone";
				SWIFT_VERSION = 3.0;
				TARGETED_DEVICE_FAMILY = 1;
			};
			name = Debug;
		};
		51525B441F1FA0E9007BD834 /* Release */ = {
			isa = XCBuildConfiguration;
			buildSettings = {
				ASSETCATALOG_COMPILER_APPICON_NAME = AppIcon;
				CLANG_ENABLE_MODULES = YES;
				DEVELOPMENT_TEAM = 49LLUV7BVY;
				FRAMEWORK_SEARCH_PATHS = "$(SRCROOT)/**";
				INFOPLIST_FILE = LedgerBoardApp/Info.plist;
				IPHONEOS_DEPLOYMENT_TARGET = 8.0;
				LD_RUNPATH_SEARCH_PATHS = "$(inherited) @executable_path/Frameworks";
				PRODUCT_BUNDLE_IDENTIFIER = "com.F-Stack.LedgerBoardApp";
				PRODUCT_NAME = "$(TARGET_NAME)";
				SWIFT_INSTALL_OBJC_HEADER = YES;
				SWIFT_OBJC_BRIDGING_HEADER = "LedgerBoardApp/LedgerBoardApp-Bridging-Header.h";
				SWIFT_VERSION = 3.0;
				TARGETED_DEVICE_FAMILY = 1;
			};
			name = Release;
		};
/* End XCBuildConfiguration section */

/* Begin XCConfigurationList section */
		51525B291F1FA0E9007BD834 /* Build configuration list for PBXProject "LedgerBoardApp" */ = {
			isa = XCConfigurationList;
			buildConfigurations = (
				51525B401F1FA0E9007BD834 /* Debug */,
				51525B411F1FA0E9007BD834 /* Release */,
			);
			defaultConfigurationIsVisible = 0;
			defaultConfigurationName = Release;
		};
		51525B421F1FA0E9007BD834 /* Build configuration list for PBXNativeTarget "LedgerBoardApp" */ = {
			isa = XCConfigurationList;
			buildConfigurations = (
				51525B431F1FA0E9007BD834 /* Debug */,
				51525B441F1FA0E9007BD834 /* Release */,
			);
			defaultConfigurationIsVisible = 0;
			defaultConfigurationName = Release;
		};
/* End XCConfigurationList section */
	};
	rootObject = 51525B261F1FA0E9007BD834 /* Project object */;
}
